
Microsoft Visual Studio Solution File, Format Version 12.00
# Visual Studio 14
VisualStudioVersion = 14.0.25420.1
MinimumVisualStudioVersion = 10.0.40219.1
Project("{FAE04EC0-301F-11D3-BF4B-00C04F79EFBC}") = "PC", "PC\PC.csproj", "{92D98E42-D867-4F75-8C77-2CECCF7B8F6B}"
EndProject
Project("{2150E333-8FDC-42A3-9474-1A3956D46DE8}") = "01  Project Core", "01  Project Core", "{9AECB979-CAD7-44CC-8272-9CDCD4308B1B}"
EndProject
Project("{2150E333-8FDC-42A3-9474-1A3956D46DE8}") = "02  Presentation", "02  Presentation", "{05027342-FFB7-419E-82B7-A97FD4C3454A}"
EndProject
Project("{2150E333-8FDC-42A3-9474-1A3956D46DE8}") = "03  Library", "03  Library", "{2D7ABD55-555B-458E-A1F4-F8971DF979F4}"
EndProject
Project("{2150E333-8FDC-42A3-9474-1A3956D46DE8}") = "04  Terminal", "04  Terminal", "{EC8C2830-498E-464B-A8E7-82C3E790C288}"
EndProject
Project("{FAE04EC0-301F-11D3-BF4B-00C04F79EFBC}") = "YoHao.Common", "Yohao.Common\YoHao.Common.csproj", "{977FE587-1CE8-4E9C-8A72-BE4947A1B9E3}"
EndProject
Project("{FAE04EC0-301F-11D3-BF4B-00C04F79EFBC}") = "YoHao.Framework", "Yohao.Framework\YoHao.Framework.csproj", "{A1EF31D5-3D25-44C0-A767-69320B9E6DA7}"
EndProject
Project("{FAE04EC0-301F-11D3-BF4B-00C04F79EFBC}") = "YoHao.BLL", "YoHao.BLL\YoHao.BLL.csproj", "{DD3E9A9B-BCD1-49E7-8707-8DC9B4C53D4F}"
EndProject
Project("{FAE04EC0-301F-11D3-BF4B-00C04F79EFBC}") = "YoHao.Core", "YoHao.Core\YoHao.Core.csproj", "{AF675D3B-1067-4408-B43A-C8F44A21910B}"
EndProject
Project("{FAE04EC0-301F-11D3-BF4B-00C04F79EFBC}") = "YoHao.Model", "YoHao.Model\YoHao.Model.csproj", "{D067657E-FF0D-484E-BA1A-03B634B2119E}"
EndProject
Project("{FAE04EC0-301F-11D3-BF4B-00C04F79EFBC}") = "YoHao.Libs", "YoHao.Libs\YoHao.Libs.csproj", "{38324F95-3D32-4EB1-BE3A-15CD52AE2A81}"
EndProject
Global
	GlobalSection(SolutionConfigurationPlatforms) = preSolution
		Debug|Any CPU = Debug|Any CPU
		Release|Any CPU = Release|Any CPU
	EndGlobalSection
	GlobalSection(ProjectConfigurationPlatforms) = postSolution
		{92D98E42-D867-4F75-8C77-2CECCF7B8F6B}.Debug|Any CPU.ActiveCfg = Debug|Any CPU
		{92D98E42-D867-4F75-8C77-2CECCF7B8F6B}.Debug|Any CPU.Build.0 = Debug|Any CPU
		{92D98E42-D867-4F75-8C77-2CECCF7B8F6B}.Release|Any CPU.ActiveCfg = Release|Any CPU
		{92D98E42-D867-4F75-8C77-2CECCF7B8F6B}.Release|Any CPU.Build.0 = Release|Any CPU
		{977FE587-1CE8-4E9C-8A72-BE4947A1B9E3}.Debug|Any CPU.ActiveCfg = Debug|Any CPU
		{977FE587-1CE8-4E9C-8A72-BE4947A1B9E3}.Debug|Any CPU.Build.0 = Debug|Any CPU
		{977FE587-1CE8-4E9C-8A72-BE4947A1B9E3}.Release|Any CPU.ActiveCfg = Release|Any CPU
		{977FE587-1CE8-4E9C-8A72-BE4947A1B9E3}.Release|Any CPU.Build.0 = Release|Any CPU
		{A1EF31D5-3D25-44C0-A767-69320B9E6DA7}.Debug|Any CPU.ActiveCfg = Debug|Any CPU
		{A1EF31D5-3D25-44C0-A767-69320B9E6DA7}.Debug|Any CPU.Build.0 = Debug|Any CPU
		{A1EF31D5-3D25-44C0-A767-69320B9E6DA7}.Release|Any CPU.ActiveCfg = Release|Any CPU
		{A1EF31D5-3D25-44C0-A767-69320B9E6DA7}.Release|Any CPU.Build.0 = Release|Any CPU
		{DD3E9A9B-BCD1-49E7-8707-8DC9B4C53D4F}.Debug|Any CPU.ActiveCfg = Debug|Any CPU
		{DD3E9A9B-BCD1-49E7-8707-8DC9B4C53D4F}.Debug|Any CPU.Build.0 = Debug|Any CPU
		{DD3E9A9B-BCD1-49E7-8707-8DC9B4C53D4F}.Release|Any CPU.ActiveCfg = Release|Any CPU
		{DD3E9A9B-BCD1-49E7-8707-8DC9B4C53D4F}.Release|Any CPU.Build.0 = Release|Any CPU
		{AF675D3B-1067-4408-B43A-C8F44A21910B}.Debug|Any CPU.ActiveCfg = Debug|Any CPU
		{AF675D3B-1067-4408-B43A-C8F44A21910B}.Debug|Any CPU.Build.0 = Debug|Any CPU
		{AF675D3B-1067-4408-B43A-C8F44A21910B}.Release|Any CPU.ActiveCfg = Release|Any CPU
		{AF675D3B-1067-4408-B43A-C8F44A21910B}.Release|Any CPU.Build.0 = Release|Any CPU
		{D067657E-FF0D-484E-BA1A-03B634B2119E}.Debug|Any CPU.ActiveCfg = Debug|Any CPU
		{D067657E-FF0D-484E-BA1A-03B634B2119E}.Debug|Any CPU.Build.0 = Debug|Any CPU
		{D067657E-FF0D-484E-BA1A-03B634B2119E}.Release|Any CPU.ActiveCfg = Release|Any CPU
		{D067657E-FF0D-484E-BA1A-03B634B2119E}.Release|Any CPU.Build.0 = Release|Any CPU
		{38324F95-3D32-4EB1-BE3A-15CD52AE2A81}.Debug|Any CPU.ActiveCfg = Debug|Any CPU
		{38324F95-3D32-4EB1-BE3A-15CD52AE2A81}.Debug|Any CPU.Build.0 = Debug|Any CPU
		{38324F95-3D32-4EB1-BE3A-15CD52AE2A81}.Release|Any CPU.ActiveCfg = Release|Any CPU
		{38324F95-3D32-4EB1-BE3A-15CD52AE2A81}.Release|Any CPU.Build.0 = Release|Any CPU
	EndGlobalSection
	GlobalSection(SolutionProperties) = preSolution
		HideSolutionNode = FALSE
	EndGlobalSection
	GlobalSection(NestedProjects) = preSolution
		{92D98E42-D867-4F75-8C77-2CECCF7B8F6B} = {EC8C2830-498E-464B-A8E7-82C3E790C288}
		{977FE587-1CE8-4E9C-8A72-BE4947A1B9E3} = {05027342-FFB7-419E-82B7-A97FD4C3454A}
		{A1EF31D5-3D25-44C0-A767-69320B9E6DA7} = {05027342-FFB7-419E-82B7-A97FD4C3454A}
		{DD3E9A9B-BCD1-49E7-8707-8DC9B4C53D4F} = {9AECB979-CAD7-44CC-8272-9CDCD4308B1B}
		{AF675D3B-1067-4408-B43A-C8F44A21910B} = {9AECB979-CAD7-44CC-8272-9CDCD4308B1B}
		{D067657E-FF0D-484E-BA1A-03B634B2119E} = {9AECB979-CAD7-44CC-8272-9CDCD4308B1B}
		{38324F95-3D32-4EB1-BE3A-15CD52AE2A81} = {2D7ABD55-555B-458E-A1F4-F8971DF979F4}
	EndGlobalSection
EndGlobal
